
Microsoft Visual Studio Solution File, Format Version 12.00
# Visual Studio Version 17
VisualStudioVersion = 17.2.32616.157
MinimumVisualStudioVersion = 10.0.40219.1
Project("{FAE04EC0-301F-11D3-BF4B-00C04F79EFBC}") = "1742A", "1742A\1742A.csproj", "{73D1EA3F-1B65-4128-A895-316A74724733}"
EndProject
Project("{FAE04EC0-301F-11D3-BF4B-00C04F79EFBC}") = "1742B", "1742B\1742B.csproj", "{ECA8106A-FD17-4700-95A7-DB34BD83BB22}"
EndProject
Project("{FAE04EC0-301F-11D3-BF4B-00C04F79EFBC}") = "1742C", "1742C\1742C.csproj", "{F87822F3-9AD5-486C-989B-1BDBE1F897E5}"
EndProject
Project("{FAE04EC0-301F-11D3-BF4B-00C04F79EFBC}") = "1745E", "1745E\1745E.csproj", "{A0A5DC3B-B2FC-42F1-8331-FDE9ADBBD927}"
EndProject
Project("{FAE04EC0-301F-11D3-BF4B-00C04F79EFBC}") = "1742D", "1742D\1742D.csproj", "{289A2330-B2A4-46C9-8020-FD018F23CC55}"
EndProject
Project("{FAE04EC0-301F-11D3-BF4B-00C04F79EFBC}") = "1742F", "1742F\1742F.csproj", "{180A199B-D3FD-4402-A312-FECA81B6E1CA}"
EndProject
Project("{9A19103F-16F7-4668-BE54-9A1E7A4F7556}") = "1742G", "1742G\1742G.csproj", "{3FF5FBED-DA27-475F-B679-F618A4C34861}"
EndProject
Project("{2150E333-8FDC-42A3-9474-1A3956D46DE8}") = "1742", "1742", "{86DC1E21-675C-48FF-B853-BA5B2673594B}"
EndProject
Project("{2150E333-8FDC-42A3-9474-1A3956D46DE8}") = "1746", "1746", "{2391F29C-8471-4148-A24D-F5E9E84E9934}"
EndProject
Project("{FAE04EC0-301F-11D3-BF4B-00C04F79EFBC}") = "1746A", "1746A\1746A.csproj", "{81CDA239-B5B0-4CBC-8885-4C4B98F81965}"
EndProject
Project("{9A19103F-16F7-4668-BE54-9A1E7A4F7556}") = "1746B", "1746B\1746B.csproj", "{C42E4FC7-6F40-4D4A-AEA9-29B18DBA79C0}"
EndProject
Project("{FAE04EC0-301F-11D3-BF4B-00C04F79EFBC}") = "1746C", "1746C\1746C.csproj", "{B4C865DA-CFA4-4AEF-AE09-3406E86094A1}"
EndProject
Project("{9A19103F-16F7-4668-BE54-9A1E7A4F7556}") = "1742E", "1742E\1742E.csproj", "{3F44EFA5-3DBC-405F-82F2-DA8170E36308}"
EndProject
Project("{FAE04EC0-301F-11D3-BF4B-00C04F79EFBC}") = "1742G2", "1742G2\1742G2.csproj", "{C25DADE9-16D1-49D3-9C3D-5AB1F6CF867D}"
EndProject
Project("{2150E333-8FDC-42A3-9474-1A3956D46DE8}") = "1743", "1743", "{FAEB8C1C-589A-4AE6-BCCA-39B45E798925}"
EndProject
Project("{FAE04EC0-301F-11D3-BF4B-00C04F79EFBC}") = "1743A", "ConsoleApp1\1743A.csproj", "{60F21B01-6BE5-4F60-9261-229A96B07100}"
EndProject
Project("{FAE04EC0-301F-11D3-BF4B-00C04F79EFBC}") = "1743B", "1743B\1743B.csproj", "{D7DE1F82-B34B-4E23-B153-B6E995071449}"
EndProject
Project("{FAE04EC0-301F-11D3-BF4B-00C04F79EFBC}") = "1743C", "1743C\1743C.csproj", "{A7A07365-B81B-45C1-BAC0-F7A61714C3EA}"
EndProject
Project("{FAE04EC0-301F-11D3-BF4B-00C04F79EFBC}") = "1743D", "1743D\1743D.csproj", "{8AA3B835-E22B-4A71-AD59-837701E53EEB}"
EndProject
Project("{9A19103F-16F7-4668-BE54-9A1E7A4F7556}") = "1473E", "1473E\1473E.csproj", "{4122B248-54B9-4EBD-8303-8917D642B6CF}"
EndProject
Project("{9A19103F-16F7-4668-BE54-9A1E7A4F7556}") = "1473E_2", "1473E_2\1473E_2.csproj", "{3543D49F-1687-4113-91EE-ED5FEE99D4B9}"
EndProject
Project("{FAE04EC0-301F-11D3-BF4B-00C04F79EFBC}") = "1743F", "1743F\1743F.csproj", "{D64E6223-71A6-4817-9D79-E5C619065433}"
EndProject
Global
	GlobalSection(SolutionConfigurationPlatforms) = preSolution
		Debug|Any CPU = Debug|Any CPU
		Release|Any CPU = Release|Any CPU
	EndGlobalSection
	GlobalSection(ProjectConfigurationPlatforms) = postSolution
		{73D1EA3F-1B65-4128-A895-316A74724733}.Debug|Any CPU.ActiveCfg = Debug|Any CPU
		{73D1EA3F-1B65-4128-A895-316A74724733}.Debug|Any CPU.Build.0 = Debug|Any CPU
		{73D1EA3F-1B65-4128-A895-316A74724733}.Release|Any CPU.ActiveCfg = Release|Any CPU
		{73D1EA3F-1B65-4128-A895-316A74724733}.Release|Any CPU.Build.0 = Release|Any CPU
		{ECA8106A-FD17-4700-95A7-DB34BD83BB22}.Debug|Any CPU.ActiveCfg = Debug|Any CPU
		{ECA8106A-FD17-4700-95A7-DB34BD83BB22}.Debug|Any CPU.Build.0 = Debug|Any CPU
		{ECA8106A-FD17-4700-95A7-DB34BD83BB22}.Release|Any CPU.ActiveCfg = Release|Any CPU
		{ECA8106A-FD17-4700-95A7-DB34BD83BB22}.Release|Any CPU.Build.0 = Release|Any CPU
		{F87822F3-9AD5-486C-989B-1BDBE1F897E5}.Debug|Any CPU.ActiveCfg = Debug|Any CPU
		{F87822F3-9AD5-486C-989B-1BDBE1F897E5}.Debug|Any CPU.Build.0 = Debug|Any CPU
		{F87822F3-9AD5-486C-989B-1BDBE1F897E5}.Release|Any CPU.ActiveCfg = Release|Any CPU
		{F87822F3-9AD5-486C-989B-1BDBE1F897E5}.Release|Any CPU.Build.0 = Release|Any CPU
		{A0A5DC3B-B2FC-42F1-8331-FDE9ADBBD927}.Debug|Any CPU.ActiveCfg = Debug|Any CPU
		{A0A5DC3B-B2FC-42F1-8331-FDE9ADBBD927}.Debug|Any CPU.Build.0 = Debug|Any CPU
		{A0A5DC3B-B2FC-42F1-8331-FDE9ADBBD927}.Release|Any CPU.ActiveCfg = Release|Any CPU
		{A0A5DC3B-B2FC-42F1-8331-FDE9ADBBD927}.Release|Any CPU.Build.0 = Release|Any CPU
		{289A2330-B2A4-46C9-8020-FD018F23CC55}.Debug|Any CPU.ActiveCfg = Debug|Any CPU
		{289A2330-B2A4-46C9-8020-FD018F23CC55}.Debug|Any CPU.Build.0 = Debug|Any CPU
		{289A2330-B2A4-46C9-8020-FD018F23CC55}.Release|Any CPU.ActiveCfg = Release|Any CPU
		{289A2330-B2A4-46C9-8020-FD018F23CC55}.Release|Any CPU.Build.0 = Release|Any CPU
		{180A199B-D3FD-4402-A312-FECA81B6E1CA}.Debug|Any CPU.ActiveCfg = Debug|Any CPU
		{180A199B-D3FD-4402-A312-FECA81B6E1CA}.Debug|Any CPU.Build.0 = Debug|Any CPU
		{180A199B-D3FD-4402-A312-FECA81B6E1CA}.Release|Any CPU.ActiveCfg = Release|Any CPU
		{180A199B-D3FD-4402-A312-FECA81B6E1CA}.Release|Any CPU.Build.0 = Release|Any CPU
		{3FF5FBED-DA27-475F-B679-F618A4C34861}.Debug|Any CPU.ActiveCfg = Debug|Any CPU
		{3FF5FBED-DA27-475F-B679-F618A4C34861}.Debug|Any CPU.Build.0 = Debug|Any CPU
		{3FF5FBED-DA27-475F-B679-F618A4C34861}.Release|Any CPU.ActiveCfg = Release|Any CPU
		{3FF5FBED-DA27-475F-B679-F618A4C34861}.Release|Any CPU.Build.0 = Release|Any CPU
		{81CDA239-B5B0-4CBC-8885-4C4B98F81965}.Debug|Any CPU.ActiveCfg = Debug|Any CPU
		{81CDA239-B5B0-4CBC-8885-4C4B98F81965}.Debug|Any CPU.Build.0 = Debug|Any CPU
		{81CDA239-B5B0-4CBC-8885-4C4B98F81965}.Release|Any CPU.ActiveCfg = Release|Any CPU
		{81CDA239-B5B0-4CBC-8885-4C4B98F81965}.Release|Any CPU.Build.0 = Release|Any CPU
		{C42E4FC7-6F40-4D4A-AEA9-29B18DBA79C0}.Debug|Any CPU.ActiveCfg = Debug|Any CPU
		{C42E4FC7-6F40-4D4A-AEA9-29B18DBA79C0}.Debug|Any CPU.Build.0 = Debug|Any CPU
		{C42E4FC7-6F40-4D4A-AEA9-29B18DBA79C0}.Release|Any CPU.ActiveCfg = Release|Any CPU
		{C42E4FC7-6F40-4D4A-AEA9-29B18DBA79C0}.Release|Any CPU.Build.0 = Release|Any CPU
		{B4C865DA-CFA4-4AEF-AE09-3406E86094A1}.Debug|Any CPU.ActiveCfg = Debug|Any CPU
		{B4C865DA-CFA4-4AEF-AE09-3406E86094A1}.Debug|Any CPU.Build.0 = Debug|Any CPU
		{B4C865DA-CFA4-4AEF-AE09-3406E86094A1}.Release|Any CPU.ActiveCfg = Release|Any CPU
		{B4C865DA-CFA4-4AEF-AE09-3406E86094A1}.Release|Any CPU.Build.0 = Release|Any CPU
		{3F44EFA5-3DBC-405F-82F2-DA8170E36308}.Debug|Any CPU.ActiveCfg = Debug|Any CPU
		{3F44EFA5-3DBC-405F-82F2-DA8170E36308}.Debug|Any CPU.Build.0 = Debug|Any CPU
		{3F44EFA5-3DBC-405F-82F2-DA8170E36308}.Release|Any CPU.ActiveCfg = Release|Any CPU
		{3F44EFA5-3DBC-405F-82F2-DA8170E36308}.Release|Any CPU.Build.0 = Release|Any CPU
		{C25DADE9-16D1-49D3-9C3D-5AB1F6CF867D}.Debug|Any CPU.ActiveCfg = Debug|Any CPU
		{C25DADE9-16D1-49D3-9C3D-5AB1F6CF867D}.Debug|Any CPU.Build.0 = Debug|Any CPU
		{C25DADE9-16D1-49D3-9C3D-5AB1F6CF867D}.Release|Any CPU.ActiveCfg = Release|Any CPU
		{C25DADE9-16D1-49D3-9C3D-5AB1F6CF867D}.Release|Any CPU.Build.0 = Release|Any CPU
		{60F21B01-6BE5-4F60-9261-229A96B07100}.Debug|Any CPU.ActiveCfg = Debug|Any CPU
		{60F21B01-6BE5-4F60-9261-229A96B07100}.Debug|Any CPU.Build.0 = Debug|Any CPU
		{60F21B01-6BE5-4F60-9261-229A96B07100}.Release|Any CPU.ActiveCfg = Release|Any CPU
		{60F21B01-6BE5-4F60-9261-229A96B07100}.Release|Any CPU.Build.0 = Release|Any CPU
		{D7DE1F82-B34B-4E23-B153-B6E995071449}.Debug|Any CPU.ActiveCfg = Debug|Any CPU
		{D7DE1F82-B34B-4E23-B153-B6E995071449}.Debug|Any CPU.Build.0 = Debug|Any CPU
		{D7DE1F82-B34B-4E23-B153-B6E995071449}.Release|Any CPU.ActiveCfg = Release|Any CPU
		{D7DE1F82-B34B-4E23-B153-B6E995071449}.Release|Any CPU.Build.0 = Release|Any CPU
		{A7A07365-B81B-45C1-BAC0-F7A61714C3EA}.Debug|Any CPU.ActiveCfg = Debug|Any CPU
		{A7A07365-B81B-45C1-BAC0-F7A61714C3EA}.Debug|Any CPU.Build.0 = Debug|Any CPU
		{A7A07365-B81B-45C1-BAC0-F7A61714C3EA}.Release|Any CPU.ActiveCfg = Release|Any CPU
		{A7A07365-B81B-45C1-BAC0-F7A61714C3EA}.Release|Any CPU.Build.0 = Release|Any CPU
		{8AA3B835-E22B-4A71-AD59-837701E53EEB}.Debug|Any CPU.ActiveCfg = Debug|Any CPU
		{8AA3B835-E22B-4A71-AD59-837701E53EEB}.Debug|Any CPU.Build.0 = Debug|Any CPU
		{8AA3B835-E22B-4A71-AD59-837701E53EEB}.Release|Any CPU.ActiveCfg = Release|Any CPU
		{8AA3B835-E22B-4A71-AD59-837701E53EEB}.Release|Any CPU.Build.0 = Release|Any CPU
		{4122B248-54B9-4EBD-8303-8917D642B6CF}.Debug|Any CPU.ActiveCfg = Debug|Any CPU
		{4122B248-54B9-4EBD-8303-8917D642B6CF}.Debug|Any CPU.Build.0 = Debug|Any CPU
		{4122B248-54B9-4EBD-8303-8917D642B6CF}.Release|Any CPU.ActiveCfg = Release|Any CPU
		{4122B248-54B9-4EBD-8303-8917D642B6CF}.Release|Any CPU.Build.0 = Release|Any CPU
		{3543D49F-1687-4113-91EE-ED5FEE99D4B9}.Debug|Any CPU.ActiveCfg = Debug|Any CPU
		{3543D49F-1687-4113-91EE-ED5FEE99D4B9}.Debug|Any CPU.Build.0 = Debug|Any CPU
		{3543D49F-1687-4113-91EE-ED5FEE99D4B9}.Release|Any CPU.ActiveCfg = Release|Any CPU
		{3543D49F-1687-4113-91EE-ED5FEE99D4B9}.Release|Any CPU.Build.0 = Release|Any CPU
		{D64E6223-71A6-4817-9D79-E5C619065433}.Debug|Any CPU.ActiveCfg = Debug|Any CPU
		{D64E6223-71A6-4817-9D79-E5C619065433}.Debug|Any CPU.Build.0 = Debug|Any CPU
		{D64E6223-71A6-4817-9D79-E5C619065433}.Release|Any CPU.ActiveCfg = Release|Any CPU
		{D64E6223-71A6-4817-9D79-E5C619065433}.Release|Any CPU.Build.0 = Release|Any CPU
	EndGlobalSection
	GlobalSection(SolutionProperties) = preSolution
		HideSolutionNode = FALSE
	EndGlobalSection
	GlobalSection(NestedProjects) = preSolution
		{73D1EA3F-1B65-4128-A895-316A74724733} = {86DC1E21-675C-48FF-B853-BA5B2673594B}
		{ECA8106A-FD17-4700-95A7-DB34BD83BB22} = {86DC1E21-675C-48FF-B853-BA5B2673594B}
		{F87822F3-9AD5-486C-989B-1BDBE1F897E5} = {86DC1E21-675C-48FF-B853-BA5B2673594B}
		{A0A5DC3B-B2FC-42F1-8331-FDE9ADBBD927} = {86DC1E21-675C-48FF-B853-BA5B2673594B}
		{289A2330-B2A4-46C9-8020-FD018F23CC55} = {86DC1E21-675C-48FF-B853-BA5B2673594B}
		{180A199B-D3FD-4402-A312-FECA81B6E1CA} = {86DC1E21-675C-48FF-B853-BA5B2673594B}
		{3FF5FBED-DA27-475F-B679-F618A4C34861} = {86DC1E21-675C-48FF-B853-BA5B2673594B}
		{81CDA239-B5B0-4CBC-8885-4C4B98F81965} = {2391F29C-8471-4148-A24D-F5E9E84E9934}
		{C42E4FC7-6F40-4D4A-AEA9-29B18DBA79C0} = {2391F29C-8471-4148-A24D-F5E9E84E9934}
		{B4C865DA-CFA4-4AEF-AE09-3406E86094A1} = {2391F29C-8471-4148-A24D-F5E9E84E9934}
		{3F44EFA5-3DBC-405F-82F2-DA8170E36308} = {2391F29C-8471-4148-A24D-F5E9E84E9934}
		{C25DADE9-16D1-49D3-9C3D-5AB1F6CF867D} = {86DC1E21-675C-48FF-B853-BA5B2673594B}
		{60F21B01-6BE5-4F60-9261-229A96B07100} = {FAEB8C1C-589A-4AE6-BCCA-39B45E798925}
		{D7DE1F82-B34B-4E23-B153-B6E995071449} = {FAEB8C1C-589A-4AE6-BCCA-39B45E798925}
		{A7A07365-B81B-45C1-BAC0-F7A61714C3EA} = {FAEB8C1C-589A-4AE6-BCCA-39B45E798925}
		{8AA3B835-E22B-4A71-AD59-837701E53EEB} = {FAEB8C1C-589A-4AE6-BCCA-39B45E798925}
		{4122B248-54B9-4EBD-8303-8917D642B6CF} = {FAEB8C1C-589A-4AE6-BCCA-39B45E798925}
		{3543D49F-1687-4113-91EE-ED5FEE99D4B9} = {FAEB8C1C-589A-4AE6-BCCA-39B45E798925}
		{D64E6223-71A6-4817-9D79-E5C619065433} = {FAEB8C1C-589A-4AE6-BCCA-39B45E798925}
	EndGlobalSection
	GlobalSection(ExtensibilityGlobals) = postSolution
		SolutionGuid = {326F2631-9202-430B-B077-5A9418E0A00A}
	EndGlobalSection
EndGlobal
